
Microsoft Visual Studio Solution File, Format Version 12.00
# Visual Studio 15
VisualStudioVersion = 15.0.27428.2043
MinimumVisualStudioVersion = 10.0.40219.1
Project("{9A19103F-16F7-4668-BE54-9A1E7A4F7556}") = "BrainLib", "BrainLib\BrainLib.csproj", "{A86CF06D-F25D-4F83-A53E-B3449F066903}"
EndProject
Project("{FAE04EC0-301F-11D3-BF4B-00C04F79EFBC}") = "BrainApp", "BrainApp\BrainApp.csproj", "{607EDF85-ABB8-48C6-824C-42424A2ADBDC}"
EndProject
Project("{9A19103F-16F7-4668-BE54-9A1E7A4F7556}") = "JasperEngineApp", "JasperEngineApp\JasperEngineApp.csproj", "{1BCA045E-D5B6-44D8-8777-E4C9B227D8E7}"
EndProject
Project("{9A19103F-16F7-4668-BE54-9A1E7A4F7556}") = "TravelSearchBackend", "TravelSearchBackend\TravelSearchBackend.csproj", "{BAB066AA-1E33-46C8-8463-E46D3DC0D3E6}"
EndProject
Project("{9A19103F-16F7-4668-BE54-9A1E7A4F7556}") = "TravelSearchContracts", "TravelSearchContracts\TravelSearchContracts.csproj", "{3788D2EC-A7BE-4427-AD6E-57736EBA6AC8}"
EndProject
Project("{FAE04EC0-301F-11D3-BF4B-00C04F79EFBC}") = "TravelSearchApp", "TravelSearchApp\TravelSearchApp.csproj", "{3C1CDC9B-EA83-469F-B2F4-4D2FFF81D4BD}"
EndProject
Project("{9A19103F-16F7-4668-BE54-9A1E7A4F7556}") = "HelloWorldBot", "HelloWorldBot\HelloWorldBot.csproj", "{54E4BAB9-0134-490C-88EB-CD4E681F65B2}"
EndProject
Project("{FAE04EC0-301F-11D3-BF4B-00C04F79EFBC}") = "BrainForegroundApp", "BrainForegroundApp\BrainForegroundApp.csproj", "{DB2F6439-7806-4843-AC1C-A1A2C9D49DB4}"
EndProject
Project("{9A19103F-16F7-4668-BE54-9A1E7A4F7556}") = "LuisBot", "LuisBot\LuisBot.csproj", "{967AE901-27C4-494E-9C9E-113B95E5F101}"
EndProject
Project("{2150E333-8FDC-42A3-9474-1A3956D46DE8}") = "Brain", "Brain", "{95B36FEB-73B7-4514-9127-A097E219525A}"
EndProject
Project("{2150E333-8FDC-42A3-9474-1A3956D46DE8}") = "Bot", "Bot", "{2F43807A-E5FA-4E4C-A2E4-D9824D275A4C}"
EndProject
Project("{2150E333-8FDC-42A3-9474-1A3956D46DE8}") = "Jasper", "Jasper", "{5CEFA923-9DFE-4CC5-BFC2-E7F68977F592}"
EndProject
Project("{2150E333-8FDC-42A3-9474-1A3956D46DE8}") = "ExternalLibs", "ExternalLibs", "{4B266F69-7E2A-4387-A634-4ADD048C5456}"
EndProject
Project("{9A19103F-16F7-4668-BE54-9A1E7A4F7556}") = "Lego.Ev3.Core", "ExternalLibs\Lego.Ev3.Core\Lego.Ev3.Core.csproj", "{BBDAFA79-6DBD-4E17-BA1C-977A19054D9A}"
EndProject
Project("{FAE04EC0-301F-11D3-BF4B-00C04F79EFBC}") = "Lego.Ev3.Uwp", "ExternalLibs\Lego.Ev3.Uwp\Lego.Ev3.Uwp.csproj", "{97195CEF-4A0E-4D2A-A966-F03610872E37}"
EndProject
Global
	GlobalSection(SolutionConfigurationPlatforms) = preSolution
		Debug|Any CPU = Debug|Any CPU
		Debug|ARM = Debug|ARM
		Debug|x64 = Debug|x64
		Debug|x86 = Debug|x86
		Release|Any CPU = Release|Any CPU
		Release|ARM = Release|ARM
		Release|x64 = Release|x64
		Release|x86 = Release|x86
	EndGlobalSection
	GlobalSection(ProjectConfigurationPlatforms) = postSolution
		{A86CF06D-F25D-4F83-A53E-B3449F066903}.Debug|Any CPU.ActiveCfg = Debug|Any CPU
		{A86CF06D-F25D-4F83-A53E-B3449F066903}.Debug|Any CPU.Build.0 = Debug|Any CPU
		{A86CF06D-F25D-4F83-A53E-B3449F066903}.Debug|ARM.ActiveCfg = Debug|Any CPU
		{A86CF06D-F25D-4F83-A53E-B3449F066903}.Debug|ARM.Build.0 = Debug|Any CPU
		{A86CF06D-F25D-4F83-A53E-B3449F066903}.Debug|x64.ActiveCfg = Debug|Any CPU
		{A86CF06D-F25D-4F83-A53E-B3449F066903}.Debug|x64.Build.0 = Debug|Any CPU
		{A86CF06D-F25D-4F83-A53E-B3449F066903}.Debug|x86.ActiveCfg = Debug|Any CPU
		{A86CF06D-F25D-4F83-A53E-B3449F066903}.Debug|x86.Build.0 = Debug|Any CPU
		{A86CF06D-F25D-4F83-A53E-B3449F066903}.Release|Any CPU.ActiveCfg = Release|Any CPU
		{A86CF06D-F25D-4F83-A53E-B3449F066903}.Release|Any CPU.Build.0 = Release|Any CPU
		{A86CF06D-F25D-4F83-A53E-B3449F066903}.Release|ARM.ActiveCfg = Release|Any CPU
		{A86CF06D-F25D-4F83-A53E-B3449F066903}.Release|ARM.Build.0 = Release|Any CPU
		{A86CF06D-F25D-4F83-A53E-B3449F066903}.Release|x64.ActiveCfg = Release|Any CPU
		{A86CF06D-F25D-4F83-A53E-B3449F066903}.Release|x64.Build.0 = Release|Any CPU
		{A86CF06D-F25D-4F83-A53E-B3449F066903}.Release|x86.ActiveCfg = Release|Any CPU
		{A86CF06D-F25D-4F83-A53E-B3449F066903}.Release|x86.Build.0 = Release|Any CPU
		{607EDF85-ABB8-48C6-824C-42424A2ADBDC}.Debug|Any CPU.ActiveCfg = Debug|ARM
		{607EDF85-ABB8-48C6-824C-42424A2ADBDC}.Debug|Any CPU.Build.0 = Debug|ARM
		{607EDF85-ABB8-48C6-824C-42424A2ADBDC}.Debug|Any CPU.Deploy.0 = Debug|ARM
		{607EDF85-ABB8-48C6-824C-42424A2ADBDC}.Debug|ARM.ActiveCfg = Debug|ARM
		{607EDF85-ABB8-48C6-824C-42424A2ADBDC}.Debug|ARM.Build.0 = Debug|ARM
		{607EDF85-ABB8-48C6-824C-42424A2ADBDC}.Debug|ARM.Deploy.0 = Debug|ARM
		{607EDF85-ABB8-48C6-824C-42424A2ADBDC}.Debug|x64.ActiveCfg = Debug|x64
		{607EDF85-ABB8-48C6-824C-42424A2ADBDC}.Debug|x64.Build.0 = Debug|x64
		{607EDF85-ABB8-48C6-824C-42424A2ADBDC}.Debug|x64.Deploy.0 = Debug|x64
		{607EDF85-ABB8-48C6-824C-42424A2ADBDC}.Debug|x86.ActiveCfg = Debug|x86
		{607EDF85-ABB8-48C6-824C-42424A2ADBDC}.Debug|x86.Build.0 = Debug|x86
		{607EDF85-ABB8-48C6-824C-42424A2ADBDC}.Debug|x86.Deploy.0 = Debug|x86
		{607EDF85-ABB8-48C6-824C-42424A2ADBDC}.Release|Any CPU.ActiveCfg = Release|x86
		{607EDF85-ABB8-48C6-824C-42424A2ADBDC}.Release|ARM.ActiveCfg = Release|ARM
		{607EDF85-ABB8-48C6-824C-42424A2ADBDC}.Release|ARM.Build.0 = Release|ARM
		{607EDF85-ABB8-48C6-824C-42424A2ADBDC}.Release|ARM.Deploy.0 = Release|ARM
		{607EDF85-ABB8-48C6-824C-42424A2ADBDC}.Release|x64.ActiveCfg = Release|x64
		{607EDF85-ABB8-48C6-824C-42424A2ADBDC}.Release|x64.Build.0 = Release|x64
		{607EDF85-ABB8-48C6-824C-42424A2ADBDC}.Release|x64.Deploy.0 = Release|x64
		{607EDF85-ABB8-48C6-824C-42424A2ADBDC}.Release|x86.ActiveCfg = Release|x86
		{607EDF85-ABB8-48C6-824C-42424A2ADBDC}.Release|x86.Build.0 = Release|x86
		{607EDF85-ABB8-48C6-824C-42424A2ADBDC}.Release|x86.Deploy.0 = Release|x86
		{1BCA045E-D5B6-44D8-8777-E4C9B227D8E7}.Debug|Any CPU.ActiveCfg = Debug|Any CPU
		{1BCA045E-D5B6-44D8-8777-E4C9B227D8E7}.Debug|Any CPU.Build.0 = Debug|Any CPU
		{1BCA045E-D5B6-44D8-8777-E4C9B227D8E7}.Debug|ARM.ActiveCfg = Debug|Any CPU
		{1BCA045E-D5B6-44D8-8777-E4C9B227D8E7}.Debug|ARM.Build.0 = Debug|Any CPU
		{1BCA045E-D5B6-44D8-8777-E4C9B227D8E7}.Debug|x64.ActiveCfg = Debug|Any CPU
		{1BCA045E-D5B6-44D8-8777-E4C9B227D8E7}.Debug|x64.Build.0 = Debug|Any CPU
		{1BCA045E-D5B6-44D8-8777-E4C9B227D8E7}.Debug|x86.ActiveCfg = Debug|Any CPU
		{1BCA045E-D5B6-44D8-8777-E4C9B227D8E7}.Debug|x86.Build.0 = Debug|Any CPU
		{1BCA045E-D5B6-44D8-8777-E4C9B227D8E7}.Release|Any CPU.ActiveCfg = Release|Any CPU
		{1BCA045E-D5B6-44D8-8777-E4C9B227D8E7}.Release|Any CPU.Build.0 = Release|Any CPU
		{1BCA045E-D5B6-44D8-8777-E4C9B227D8E7}.Release|ARM.ActiveCfg = Release|Any CPU
		{1BCA045E-D5B6-44D8-8777-E4C9B227D8E7}.Release|ARM.Build.0 = Release|Any CPU
		{1BCA045E-D5B6-44D8-8777-E4C9B227D8E7}.Release|x64.ActiveCfg = Release|Any CPU
		{1BCA045E-D5B6-44D8-8777-E4C9B227D8E7}.Release|x64.Build.0 = Release|Any CPU
		{1BCA045E-D5B6-44D8-8777-E4C9B227D8E7}.Release|x86.ActiveCfg = Release|Any CPU
		{1BCA045E-D5B6-44D8-8777-E4C9B227D8E7}.Release|x86.Build.0 = Release|Any CPU
		{BAB066AA-1E33-46C8-8463-E46D3DC0D3E6}.Debug|Any CPU.ActiveCfg = Debug|Any CPU
		{BAB066AA-1E33-46C8-8463-E46D3DC0D3E6}.Debug|Any CPU.Build.0 = Debug|Any CPU
		{BAB066AA-1E33-46C8-8463-E46D3DC0D3E6}.Debug|ARM.ActiveCfg = Debug|Any CPU
		{BAB066AA-1E33-46C8-8463-E46D3DC0D3E6}.Debug|ARM.Build.0 = Debug|Any CPU
		{BAB066AA-1E33-46C8-8463-E46D3DC0D3E6}.Debug|x64.ActiveCfg = Debug|Any CPU
		{BAB066AA-1E33-46C8-8463-E46D3DC0D3E6}.Debug|x64.Build.0 = Debug|Any CPU
		{BAB066AA-1E33-46C8-8463-E46D3DC0D3E6}.Debug|x86.ActiveCfg = Debug|Any CPU
		{BAB066AA-1E33-46C8-8463-E46D3DC0D3E6}.Debug|x86.Build.0 = Debug|Any CPU
		{BAB066AA-1E33-46C8-8463-E46D3DC0D3E6}.Release|Any CPU.ActiveCfg = Release|Any CPU
		{BAB066AA-1E33-46C8-8463-E46D3DC0D3E6}.Release|Any CPU.Build.0 = Release|Any CPU
		{BAB066AA-1E33-46C8-8463-E46D3DC0D3E6}.Release|ARM.ActiveCfg = Release|Any CPU
		{BAB066AA-1E33-46C8-8463-E46D3DC0D3E6}.Release|ARM.Build.0 = Release|Any CPU
		{BAB066AA-1E33-46C8-8463-E46D3DC0D3E6}.Release|x64.ActiveCfg = Release|Any CPU
		{BAB066AA-1E33-46C8-8463-E46D3DC0D3E6}.Release|x64.Build.0 = Release|Any CPU
		{BAB066AA-1E33-46C8-8463-E46D3DC0D3E6}.Release|x86.ActiveCfg = Release|Any CPU
		{BAB066AA-1E33-46C8-8463-E46D3DC0D3E6}.Release|x86.Build.0 = Release|Any CPU
		{3788D2EC-A7BE-4427-AD6E-57736EBA6AC8}.Debug|Any CPU.ActiveCfg = Debug|Any CPU
		{3788D2EC-A7BE-4427-AD6E-57736EBA6AC8}.Debug|Any CPU.Build.0 = Debug|Any CPU
		{3788D2EC-A7BE-4427-AD6E-57736EBA6AC8}.Debug|ARM.ActiveCfg = Debug|Any CPU
		{3788D2EC-A7BE-4427-AD6E-57736EBA6AC8}.Debug|ARM.Build.0 = Debug|Any CPU
		{3788D2EC-A7BE-4427-AD6E-57736EBA6AC8}.Debug|x64.ActiveCfg = Debug|Any CPU
		{3788D2EC-A7BE-4427-AD6E-57736EBA6AC8}.Debug|x64.Build.0 = Debug|Any CPU
		{3788D2EC-A7BE-4427-AD6E-57736EBA6AC8}.Debug|x86.ActiveCfg = Debug|Any CPU
		{3788D2EC-A7BE-4427-AD6E-57736EBA6AC8}.Debug|x86.Build.0 = Debug|Any CPU
		{3788D2EC-A7BE-4427-AD6E-57736EBA6AC8}.Release|Any CPU.ActiveCfg = Release|Any CPU
		{3788D2EC-A7BE-4427-AD6E-57736EBA6AC8}.Release|Any CPU.Build.0 = Release|Any CPU
		{3788D2EC-A7BE-4427-AD6E-57736EBA6AC8}.Release|ARM.ActiveCfg = Release|Any CPU
		{3788D2EC-A7BE-4427-AD6E-57736EBA6AC8}.Release|ARM.Build.0 = Release|Any CPU
		{3788D2EC-A7BE-4427-AD6E-57736EBA6AC8}.Release|x64.ActiveCfg = Release|Any CPU
		{3788D2EC-A7BE-4427-AD6E-57736EBA6AC8}.Release|x64.Build.0 = Release|Any CPU
		{3788D2EC-A7BE-4427-AD6E-57736EBA6AC8}.Release|x86.ActiveCfg = Release|Any CPU
		{3788D2EC-A7BE-4427-AD6E-57736EBA6AC8}.Release|x86.Build.0 = Release|Any CPU
		{3C1CDC9B-EA83-469F-B2F4-4D2FFF81D4BD}.Debug|Any CPU.ActiveCfg = Debug|x86
		{3C1CDC9B-EA83-469F-B2F4-4D2FFF81D4BD}.Debug|Any CPU.Build.0 = Debug|x86
		{3C1CDC9B-EA83-469F-B2F4-4D2FFF81D4BD}.Debug|Any CPU.Deploy.0 = Debug|x86
		{3C1CDC9B-EA83-469F-B2F4-4D2FFF81D4BD}.Debug|ARM.ActiveCfg = Debug|ARM
		{3C1CDC9B-EA83-469F-B2F4-4D2FFF81D4BD}.Debug|ARM.Build.0 = Debug|ARM
		{3C1CDC9B-EA83-469F-B2F4-4D2FFF81D4BD}.Debug|ARM.Deploy.0 = Debug|ARM
		{3C1CDC9B-EA83-469F-B2F4-4D2FFF81D4BD}.Debug|x64.ActiveCfg = Debug|x64
		{3C1CDC9B-EA83-469F-B2F4-4D2FFF81D4BD}.Debug|x64.Build.0 = Debug|x64
		{3C1CDC9B-EA83-469F-B2F4-4D2FFF81D4BD}.Debug|x64.Deploy.0 = Debug|x64
		{3C1CDC9B-EA83-469F-B2F4-4D2FFF81D4BD}.Debug|x86.ActiveCfg = Debug|x86
		{3C1CDC9B-EA83-469F-B2F4-4D2FFF81D4BD}.Debug|x86.Build.0 = Debug|x86
		{3C1CDC9B-EA83-469F-B2F4-4D2FFF81D4BD}.Debug|x86.Deploy.0 = Debug|x86
		{3C1CDC9B-EA83-469F-B2F4-4D2FFF81D4BD}.Release|Any CPU.ActiveCfg = Release|x86
		{3C1CDC9B-EA83-469F-B2F4-4D2FFF81D4BD}.Release|ARM.ActiveCfg = Release|ARM
		{3C1CDC9B-EA83-469F-B2F4-4D2FFF81D4BD}.Release|ARM.Build.0 = Release|ARM
		{3C1CDC9B-EA83-469F-B2F4-4D2FFF81D4BD}.Release|ARM.Deploy.0 = Release|ARM
		{3C1CDC9B-EA83-469F-B2F4-4D2FFF81D4BD}.Release|x64.ActiveCfg = Release|x64
		{3C1CDC9B-EA83-469F-B2F4-4D2FFF81D4BD}.Release|x64.Build.0 = Release|x64
		{3C1CDC9B-EA83-469F-B2F4-4D2FFF81D4BD}.Release|x64.Deploy.0 = Release|x64
		{3C1CDC9B-EA83-469F-B2F4-4D2FFF81D4BD}.Release|x86.ActiveCfg = Release|x86
		{3C1CDC9B-EA83-469F-B2F4-4D2FFF81D4BD}.Release|x86.Build.0 = Release|x86
		{3C1CDC9B-EA83-469F-B2F4-4D2FFF81D4BD}.Release|x86.Deploy.0 = Release|x86
		{54E4BAB9-0134-490C-88EB-CD4E681F65B2}.Debug|Any CPU.ActiveCfg = Debug|Any CPU
		{54E4BAB9-0134-490C-88EB-CD4E681F65B2}.Debug|Any CPU.Build.0 = Debug|Any CPU
		{54E4BAB9-0134-490C-88EB-CD4E681F65B2}.Debug|ARM.ActiveCfg = Debug|Any CPU
		{54E4BAB9-0134-490C-88EB-CD4E681F65B2}.Debug|ARM.Build.0 = Debug|Any CPU
		{54E4BAB9-0134-490C-88EB-CD4E681F65B2}.Debug|x64.ActiveCfg = Debug|Any CPU
		{54E4BAB9-0134-490C-88EB-CD4E681F65B2}.Debug|x64.Build.0 = Debug|Any CPU
		{54E4BAB9-0134-490C-88EB-CD4E681F65B2}.Debug|x86.ActiveCfg = Debug|Any CPU
		{54E4BAB9-0134-490C-88EB-CD4E681F65B2}.Debug|x86.Build.0 = Debug|Any CPU
		{54E4BAB9-0134-490C-88EB-CD4E681F65B2}.Release|Any CPU.ActiveCfg = Release|Any CPU
		{54E4BAB9-0134-490C-88EB-CD4E681F65B2}.Release|Any CPU.Build.0 = Release|Any CPU
		{54E4BAB9-0134-490C-88EB-CD4E681F65B2}.Release|ARM.ActiveCfg = Release|Any CPU
		{54E4BAB9-0134-490C-88EB-CD4E681F65B2}.Release|ARM.Build.0 = Release|Any CPU
		{54E4BAB9-0134-490C-88EB-CD4E681F65B2}.Release|x64.ActiveCfg = Release|Any CPU
		{54E4BAB9-0134-490C-88EB-CD4E681F65B2}.Release|x64.Build.0 = Release|Any CPU
		{54E4BAB9-0134-490C-88EB-CD4E681F65B2}.Release|x86.ActiveCfg = Release|Any CPU
		{54E4BAB9-0134-490C-88EB-CD4E681F65B2}.Release|x86.Build.0 = Release|Any CPU
		{DB2F6439-7806-4843-AC1C-A1A2C9D49DB4}.Debug|Any CPU.ActiveCfg = Debug|x86
		{DB2F6439-7806-4843-AC1C-A1A2C9D49DB4}.Debug|Any CPU.Build.0 = Debug|x86
		{DB2F6439-7806-4843-AC1C-A1A2C9D49DB4}.Debug|Any CPU.Deploy.0 = Debug|x86
		{DB2F6439-7806-4843-AC1C-A1A2C9D49DB4}.Debug|ARM.ActiveCfg = Debug|ARM
		{DB2F6439-7806-4843-AC1C-A1A2C9D49DB4}.Debug|ARM.Build.0 = Debug|ARM
		{DB2F6439-7806-4843-AC1C-A1A2C9D49DB4}.Debug|ARM.Deploy.0 = Debug|ARM
		{DB2F6439-7806-4843-AC1C-A1A2C9D49DB4}.Debug|x64.ActiveCfg = Debug|x64
		{DB2F6439-7806-4843-AC1C-A1A2C9D49DB4}.Debug|x64.Build.0 = Debug|x64
		{DB2F6439-7806-4843-AC1C-A1A2C9D49DB4}.Debug|x64.Deploy.0 = Debug|x64
		{DB2F6439-7806-4843-AC1C-A1A2C9D49DB4}.Debug|x86.ActiveCfg = Debug|x86
		{DB2F6439-7806-4843-AC1C-A1A2C9D49DB4}.Debug|x86.Build.0 = Debug|x86
		{DB2F6439-7806-4843-AC1C-A1A2C9D49DB4}.Debug|x86.Deploy.0 = Debug|x86
		{DB2F6439-7806-4843-AC1C-A1A2C9D49DB4}.Release|Any CPU.ActiveCfg = Release|x86
		{DB2F6439-7806-4843-AC1C-A1A2C9D49DB4}.Release|ARM.ActiveCfg = Release|ARM
		{DB2F6439-7806-4843-AC1C-A1A2C9D49DB4}.Release|ARM.Build.0 = Release|ARM
		{DB2F6439-7806-4843-AC1C-A1A2C9D49DB4}.Release|ARM.Deploy.0 = Release|ARM
		{DB2F6439-7806-4843-AC1C-A1A2C9D49DB4}.Release|x64.ActiveCfg = Release|x64
		{DB2F6439-7806-4843-AC1C-A1A2C9D49DB4}.Release|x64.Build.0 = Release|x64
		{DB2F6439-7806-4843-AC1C-A1A2C9D49DB4}.Release|x64.Deploy.0 = Release|x64
		{DB2F6439-7806-4843-AC1C-A1A2C9D49DB4}.Release|x86.ActiveCfg = Release|x86
		{DB2F6439-7806-4843-AC1C-A1A2C9D49DB4}.Release|x86.Build.0 = Release|x86
		{DB2F6439-7806-4843-AC1C-A1A2C9D49DB4}.Release|x86.Deploy.0 = Release|x86
		{967AE901-27C4-494E-9C9E-113B95E5F101}.Debug|Any CPU.ActiveCfg = Debug|Any CPU
		{967AE901-27C4-494E-9C9E-113B95E5F101}.Debug|Any CPU.Build.0 = Debug|Any CPU
		{967AE901-27C4-494E-9C9E-113B95E5F101}.Debug|ARM.ActiveCfg = Debug|Any CPU
		{967AE901-27C4-494E-9C9E-113B95E5F101}.Debug|ARM.Build.0 = Debug|Any CPU
		{967AE901-27C4-494E-9C9E-113B95E5F101}.Debug|x64.ActiveCfg = Debug|Any CPU
		{967AE901-27C4-494E-9C9E-113B95E5F101}.Debug|x64.Build.0 = Debug|Any CPU
		{967AE901-27C4-494E-9C9E-113B95E5F101}.Debug|x86.ActiveCfg = Debug|Any CPU
		{967AE901-27C4-494E-9C9E-113B95E5F101}.Debug|x86.Build.0 = Debug|Any CPU
		{967AE901-27C4-494E-9C9E-113B95E5F101}.Release|Any CPU.ActiveCfg = Release|Any CPU
		{967AE901-27C4-494E-9C9E-113B95E5F101}.Release|Any CPU.Build.0 = Release|Any CPU
		{967AE901-27C4-494E-9C9E-113B95E5F101}.Release|ARM.ActiveCfg = Release|Any CPU
		{967AE901-27C4-494E-9C9E-113B95E5F101}.Release|ARM.Build.0 = Release|Any CPU
		{967AE901-27C4-494E-9C9E-113B95E5F101}.Release|x64.ActiveCfg = Release|Any CPU
		{967AE901-27C4-494E-9C9E-113B95E5F101}.Release|x64.Build.0 = Release|Any CPU
		{967AE901-27C4-494E-9C9E-113B95E5F101}.Release|x86.ActiveCfg = Release|Any CPU
		{967AE901-27C4-494E-9C9E-113B95E5F101}.Release|x86.Build.0 = Release|Any CPU
		{BBDAFA79-6DBD-4E17-BA1C-977A19054D9A}.Debug|Any CPU.ActiveCfg = Debug|Any CPU
		{BBDAFA79-6DBD-4E17-BA1C-977A19054D9A}.Debug|Any CPU.Build.0 = Debug|Any CPU
		{BBDAFA79-6DBD-4E17-BA1C-977A19054D9A}.Debug|ARM.ActiveCfg = Debug|Any CPU
		{BBDAFA79-6DBD-4E17-BA1C-977A19054D9A}.Debug|ARM.Build.0 = Debug|Any CPU
		{BBDAFA79-6DBD-4E17-BA1C-977A19054D9A}.Debug|x64.ActiveCfg = Debug|Any CPU
		{BBDAFA79-6DBD-4E17-BA1C-977A19054D9A}.Debug|x64.Build.0 = Debug|Any CPU
		{BBDAFA79-6DBD-4E17-BA1C-977A19054D9A}.Debug|x86.ActiveCfg = Debug|Any CPU
		{BBDAFA79-6DBD-4E17-BA1C-977A19054D9A}.Debug|x86.Build.0 = Debug|Any CPU
		{BBDAFA79-6DBD-4E17-BA1C-977A19054D9A}.Release|Any CPU.ActiveCfg = Release|Any CPU
		{BBDAFA79-6DBD-4E17-BA1C-977A19054D9A}.Release|Any CPU.Build.0 = Release|Any CPU
		{BBDAFA79-6DBD-4E17-BA1C-977A19054D9A}.Release|ARM.ActiveCfg = Release|Any CPU
		{BBDAFA79-6DBD-4E17-BA1C-977A19054D9A}.Release|ARM.Build.0 = Release|Any CPU
		{BBDAFA79-6DBD-4E17-BA1C-977A19054D9A}.Release|x64.ActiveCfg = Release|Any CPU
		{BBDAFA79-6DBD-4E17-BA1C-977A19054D9A}.Release|x64.Build.0 = Release|Any CPU
		{BBDAFA79-6DBD-4E17-BA1C-977A19054D9A}.Release|x86.ActiveCfg = Release|Any CPU
		{BBDAFA79-6DBD-4E17-BA1C-977A19054D9A}.Release|x86.Build.0 = Release|Any CPU
		{97195CEF-4A0E-4D2A-A966-F03610872E37}.Debug|Any CPU.ActiveCfg = Debug|Any CPU
		{97195CEF-4A0E-4D2A-A966-F03610872E37}.Debug|Any CPU.Build.0 = Debug|Any CPU
		{97195CEF-4A0E-4D2A-A966-F03610872E37}.Debug|ARM.ActiveCfg = Debug|ARM
		{97195CEF-4A0E-4D2A-A966-F03610872E37}.Debug|ARM.Build.0 = Debug|ARM
		{97195CEF-4A0E-4D2A-A966-F03610872E37}.Debug|x64.ActiveCfg = Debug|x64
		{97195CEF-4A0E-4D2A-A966-F03610872E37}.Debug|x64.Build.0 = Debug|x64
		{97195CEF-4A0E-4D2A-A966-F03610872E37}.Debug|x86.ActiveCfg = Debug|x86
		{97195CEF-4A0E-4D2A-A966-F03610872E37}.Debug|x86.Build.0 = Debug|x86
		{97195CEF-4A0E-4D2A-A966-F03610872E37}.Release|Any CPU.ActiveCfg = Release|Any CPU
		{97195CEF-4A0E-4D2A-A966-F03610872E37}.Release|Any CPU.Build.0 = Release|Any CPU
		{97195CEF-4A0E-4D2A-A966-F03610872E37}.Release|ARM.ActiveCfg = Release|ARM
		{97195CEF-4A0E-4D2A-A966-F03610872E37}.Release|ARM.Build.0 = Release|ARM
		{97195CEF-4A0E-4D2A-A966-F03610872E37}.Release|x64.ActiveCfg = Release|x64
		{97195CEF-4A0E-4D2A-A966-F03610872E37}.Release|x64.Build.0 = Release|x64
		{97195CEF-4A0E-4D2A-A966-F03610872E37}.Release|x86.ActiveCfg = Release|x86
		{97195CEF-4A0E-4D2A-A966-F03610872E37}.Release|x86.Build.0 = Release|x86
	EndGlobalSection
	GlobalSection(SolutionProperties) = preSolution
		HideSolutionNode = FALSE
	EndGlobalSection
	GlobalSection(NestedProjects) = preSolution
		{A86CF06D-F25D-4F83-A53E-B3449F066903} = {95B36FEB-73B7-4514-9127-A097E219525A}
		{607EDF85-ABB8-48C6-824C-42424A2ADBDC} = {95B36FEB-73B7-4514-9127-A097E219525A}
		{1BCA045E-D5B6-44D8-8777-E4C9B227D8E7} = {5CEFA923-9DFE-4CC5-BFC2-E7F68977F592}
		{54E4BAB9-0134-490C-88EB-CD4E681F65B2} = {2F43807A-E5FA-4E4C-A2E4-D9824D275A4C}
		{DB2F6439-7806-4843-AC1C-A1A2C9D49DB4} = {95B36FEB-73B7-4514-9127-A097E219525A}
		{967AE901-27C4-494E-9C9E-113B95E5F101} = {2F43807A-E5FA-4E4C-A2E4-D9824D275A4C}
		{BBDAFA79-6DBD-4E17-BA1C-977A19054D9A} = {4B266F69-7E2A-4387-A634-4ADD048C5456}
		{97195CEF-4A0E-4D2A-A966-F03610872E37} = {4B266F69-7E2A-4387-A634-4ADD048C5456}
	EndGlobalSection
	GlobalSection(ExtensibilityGlobals) = postSolution
		SolutionGuid = {3FAC46B1-24BE-4AA2-9317-2CF4E27B70B8}
	EndGlobalSection
EndGlobal
